hash: c399199e9cd2ee42587600a684875c4f51b09abe9941ab7f38987ad26b78cb02
updated: 2016-04-10T19:23:55.530763793+07:00
imports:
- name: github.com/elazarl/go-bindata-assetfs
  version: 57eb5e1fc594ad4b0b1dbea7b286d299e0cb43c2
- name: github.com/jteeuwen/go-bindata
  version: bbd0c6e271208dce66d8fda4bc536453cd27fc4a
- name: motify_core_api/godep_libs/swgui
  version: 3645b159d06dd942e2b24bab45eea47c3db8e179
devImports: []
