hash: 6177d53c8c4687f510d114498dbcf745134597552ba9c5a0a5303bcf0f27640d
updated: 2017-07-07T18:50:58.65677508+03:00
imports:
- name: github.com/mailru/easyjson
  version: 9d6630dc8c577b56cb9687a9cf9e8578aca7298a
  subpackages:
  - buffer
  - jwriter
- name: godep.lzd.co/go-log
  version: 39133b734d36452d492cd9e6f1d6fdc7720f9c63
  subpackages:
  - format
- name: godep.lzd.co/go-logger
  version: 3bda894b4db2e345d0a7fa1674d41acd6f96dd1f
- name: godep.lzd.co/loggo
  version: 3fda0f333e953475972e20b3a492af63da5e4878
- name: golang.org/x/net
  version: 45e771701b814666a7eb299e6c7a57d0b1799e91
  subpackages:
  - context
testImports: []
